// !$*UTF8*$!
{
	archiveVersion = 1;
	classes = {
	};
	objectVersion = 46;
	objects = {

/* Begin PBXBuildFile section */
		78BE4B001CD3F25D0032EE3F /* MoviePosterCollectionViewCell.m in Sources */ = {isa = PBXBuildFile; fileRef = 78BE4AFF1CD3F25D0032EE3F /* MoviePosterCollectionViewCell.m */; };
		78BE4B021CD3F52F0032EE3F /* IMG_0003.JPG in Resources */ = {isa = PBXBuildFile; fileRef = 78BE4B011CD3F52F0032EE3F /* IMG_0003.JPG */; };
		78EAA6F21CD3D3A000CC0CE9 /* main.m in Sources */ = {isa = PBXBuildFile; fileRef = 78EAA6F11CD3D3A000CC0CE9 /* main.m */; };
		78EAA6F51CD3D3A000CC0CE9 /* AppDelegate.m in Sources */ = {isa = PBXBuildFile; fileRef = 78EAA6F41CD3D3A000CC0CE9 /* AppDelegate.m */; };
		78EAA6FB1CD3D3A000CC0CE9 /* Main.storyboard in Resources */ = {isa = PBXBuildFile; fileRef = 78EAA6F91CD3D3A000CC0CE9 /* Main.storyboard */; };
		78EAA6FD1CD3D3A000CC0CE9 /* Assets.xcassets in Resources */ = {isa = PBXBuildFile; fileRef = 78EAA6FC1CD3D3A000CC0CE9 /* Assets.xcassets */; };
		78EAA7001CD3D3A000CC0CE9 /* LaunchScreen.storyboard in Resources */ = {isa = PBXBuildFile; fileRef = 78EAA6FE1CD3D3A000CC0CE9 /* LaunchScreen.storyboard */; };
		78EAA70B1CD3D3A000CC0CE9 /* PWEPMovieTimeTests.m in Sources */ = {isa = PBXBuildFile; fileRef = 78EAA70A1CD3D3A000CC0CE9 /* PWEPMovieTimeTests.m */; };
		78EAA7161CD3D3A000CC0CE9 /* PWEPMovieTimeUITests.m in Sources */ = {isa = PBXBuildFile; fileRef = 78EAA7151CD3D3A000CC0CE9 /* PWEPMovieTimeUITests.m */; };
		78EAA7251CD3DBC200CC0CE9 /* MovieCollectionVC.m in Sources */ = {isa = PBXBuildFile; fileRef = 78EAA7241CD3DBC200CC0CE9 /* MovieCollectionVC.m */; };
		78EAA7281CD3DC0900CC0CE9 /* FavListTableVC.m in Sources */ = {isa = PBXBuildFile; fileRef = 78EAA7271CD3DC0900CC0CE9 /* FavListTableVC.m */; };
/* End PBXBuildFile section */

/* Begin PBXContainerItemProxy section */
		78EAA7071CD3D3A000CC0CE9 /* PBXContainerItemProxy */ = {
			isa = PBXContainerItemProxy;
			containerPortal = 78EAA6E51CD3D3A000CC0CE9 /* Project object */;
			proxyType = 1;
			remoteGlobalIDString = 78EAA6EC1CD3D3A000CC0CE9;
			remoteInfo = PWEPMovieTime;
		};
		78EAA7121CD3D3A000CC0CE9 /* PBXContainerItemProxy */ = {
			isa = PBXContainerItemProxy;
			containerPortal = 78EAA6E51CD3D3A000CC0CE9 /* Project object */;
			proxyType = 1;
			remoteGlobalIDString = 78EAA6EC1CD3D3A000CC0CE9;
			remoteInfo = PWEPMovieTime;
		};
/* End PBXContainerItemProxy section */

/* Begin PBXFileReference section */
		78BE4AFE1CD3F25D0032EE3F /* MoviePosterCollectionViewCell.h */ = {isa = PBXFileReference; fileEncoding = 4; lastKnownFileType = sourcecode.c.h; path = MoviePosterCollectionViewCell.h; sourceTree = "<group>"; };
		78BE4AFF1CD3F25D0032EE3F /* MoviePosterCollectionViewCell.m */ = {isa = PBXFileReference; fileEncoding = 4; lastKnownFileType = sourcecode.c.objc; path = MoviePosterCollectionViewCell.m; sourceTree = "<group>"; };
		78BE4B011CD3F52F0032EE3F /* IMG_0003.JPG */ = {isa = PBXFileReference; lastKnownFileType = image.jpeg; path = IMG_0003.JPG; sourceTree = "<group>"; };
		78EAA6ED1CD3D3A000CC0CE9 /* PWEPMovieTime.app */ = {isa = PBXFileReference; explicitFileType = wrapper.application; includeInIndex = 0; path = PWEPMovieTime.app; sourceTree = BUILT_PRODUCTS_DIR; };
		78EAA6F11CD3D3A000CC0CE9 /* main.m */ = {isa = PBXFileReference; lastKnownFileType = sourcecode.c.objc; path = main.m; sourceTree = "<group>"; };
		78EAA6F31CD3D3A000CC0CE9 /* AppDelegate.h */ = {isa = PBXFileReference; lastKnownFileType = sourcecode.c.h; path = AppDelegate.h; sourceTree = "<group>"; };
		78EAA6F41CD3D3A000CC0CE9 /* AppDelegate.m */ = {isa = PBXFileReference; lastKnownFileType = sourcecode.c.objc; path = AppDelegate.m; sourceTree = "<group>"; };
		78EAA6FA1CD3D3A000CC0CE9 /* Base */ = {isa = PBXFileReference; lastKnownFileType = file.storyboard; name = Base; path = Base.lproj/Main.storyboard; sourceTree = "<group>"; };
		78EAA6FC1CD3D3A000CC0CE9 /* Assets.xcassets */ = {isa = PBXFileReference; lastKnownFileType = folder.assetcatalog; path = Assets.xcassets; sourceTree = "<group>"; };
		78EAA6FF1CD3D3A000CC0CE9 /* Base */ = {isa = PBXFileReference; lastKnownFileType = file.storyboard; name = Base; path = Base.lproj/LaunchScreen.storyboard; sourceTree = "<group>"; };
		78EAA7011CD3D3A000CC0CE9 /* Info.plist */ = {isa = PBXFileReference; lastKnownFileType = text.plist.xml; path = Info.plist; sourceTree = "<group>"; };
		78EAA7061CD3D3A000CC0CE9 /* PWEPMovieTimeTests.xctest */ = {isa = PBXFileReference; explicitFileType = wrapper.cfbundle; includeInIndex = 0; path = PWEPMovieTimeTests.xctest; sourceTree = BUILT_PRODUCTS_DIR; };
		78EAA70A1CD3D3A000CC0CE9 /* PWEPMovieTimeTests.m */ = {isa = PBXFileReference; lastKnownFileType = sourcecode.c.objc; path = PWEPMovieTimeTests.m; sourceTree = "<group>"; };
		78EAA70C1CD3D3A000CC0CE9 /* Info.plist */ = {isa = PBXFileReference; lastKnownFileType = text.plist.xml; path = Info.plist; sourceTree = "<group>"; };
		78EAA7111CD3D3A000CC0CE9 /* PWEPMovieTimeUITests.xctest */ = {isa = PBXFileReference; explicitFileType = wrapper.cfbundle; includeInIndex = 0; path = PWEPMovieTimeUITests.xctest; sourceTree = BUILT_PRODUCTS_DIR; };
		78EAA7151CD3D3A000CC0CE9 /* PWEPMovieTimeUITests.m */ = {isa = PBXFileReference; lastKnownFileType = sourcecode.c.objc; path = PWEPMovieTimeUITests.m; sourceTree = "<group>"; };
		78EAA7171CD3D3A000CC0CE9 /* Info.plist */ = {isa = PBXFileReference; lastKnownFileType = text.plist.xml; path = Info.plist; sourceTree = "<group>"; };
		78EAA7231CD3DBC200CC0CE9 /* MovieCollectionVC.h */ = {isa = PBXFileReference; fileEncoding = 4; lastKnownFileType = sourcecode.c.h; path = MovieCollectionVC.h; sourceTree = "<group>"; };
		78EAA7241CD3DBC200CC0CE9 /* MovieCollectionVC.m */ = {isa = PBXFileReference; fileEncoding = 4; lastKnownFileType = sourcecode.c.objc; path = MovieCollectionVC.m; sourceTree = "<group>"; };
		78EAA7261CD3DC0900CC0CE9 /* FavListTableVC.h */ = {isa = PBXFileReference; fileEncoding = 4; lastKnownFileType = sourcecode.c.h; path = FavListTableVC.h; sourceTree = "<group>"; };
		78EAA7271CD3DC0900CC0CE9 /* FavListTableVC.m */ = {isa = PBXFileReference; fileEncoding = 4; lastKnownFileType = sourcecode.c.objc; path = FavListTableVC.m; sourceTree = "<group>"; };
/* End PBXFileReference section */

/* Begin PBXFrameworksBuildPhase section */
		78EAA6EA1CD3D3A000CC0CE9 /* Frameworks */ = {
			isa = PBXFrameworksBuildPhase;
			buildActionMask = 2147483647;
			files = (
			);
			runOnlyForDeploymentPostprocessing = 0;
		};
		78EAA7031CD3D3A000CC0CE9 /* Frameworks */ = {
			isa = PBXFrameworksBuildPhase;
			buildActionMask = 2147483647;
			files = (
			);
			runOnlyForDeploymentPostprocessing = 0;
		};
		78EAA70E1CD3D3A000CC0CE9 /* Frameworks */ = {
			isa = PBXFrameworksBuildPhase;
			buildActionMask = 2147483647;
			files = (
			);
			runOnlyForDeploymentPostprocessing = 0;
		};
/* End PBXFrameworksBuildPhase section */

/* Begin PBXGroup section */
		78EAA6E41CD3D3A000CC0CE9 = {
			isa = PBXGroup;
			children = (
				78EAA6EF1CD3D3A000CC0CE9 /* PWEPMovieTime */,
				78EAA7091CD3D3A000CC0CE9 /* PWEPMovieTimeTests */,
				78EAA7141CD3D3A000CC0CE9 /* PWEPMovieTimeUITests */,
				78EAA6EE1CD3D3A000CC0CE9 /* Products */,
			);
			sourceTree = "<group>";
		};
		78EAA6EE1CD3D3A000CC0CE9 /* Products */ = {
			isa = PBXGroup;
			children = (
				78EAA6ED1CD3D3A000CC0CE9 /* PWEPMovieTime.app */,
				78EAA7061CD3D3A000CC0CE9 /* PWEPMovieTimeTests.xctest */,
				78EAA7111CD3D3A000CC0CE9 /* PWEPMovieTimeUITests.xctest */,
			);
			name = Products;
			sourceTree = "<group>";
		};
		78EAA6EF1CD3D3A000CC0CE9 /* PWEPMovieTime */ = {
			isa = PBXGroup;
			children = (
				78EAA6F31CD3D3A000CC0CE9 /* AppDelegate.h */,
				78EAA6F41CD3D3A000CC0CE9 /* AppDelegate.m */,
				78EAA6F91CD3D3A000CC0CE9 /* Main.storyboard */,
				78EAA6FE1CD3D3A000CC0CE9 /* LaunchScreen.storyboard */,
				78EAA7011CD3D3A000CC0CE9 /* Info.plist */,
				78EAA7231CD3DBC200CC0CE9 /* MovieCollectionVC.h */,
				78EAA7241CD3DBC200CC0CE9 /* MovieCollectionVC.m */,
				78BE4AFE1CD3F25D0032EE3F /* MoviePosterCollectionViewCell.h */,
				78BE4AFF1CD3F25D0032EE3F /* MoviePosterCollectionViewCell.m */,
				78EAA7261CD3DC0900CC0CE9 /* FavListTableVC.h */,
				78EAA7271CD3DC0900CC0CE9 /* FavListTableVC.m */,
				78EAA6FC1CD3D3A000CC0CE9 /* Assets.xcassets */,
				78BE4B011CD3F52F0032EE3F /* IMG_0003.JPG */,
				78EAA6F01CD3D3A000CC0CE9 /* Supporting Files */,
			);
			path = PWEPMovieTime;
			sourceTree = "<group>";
		};
		78EAA6F01CD3D3A000CC0CE9 /* Supporting Files */ = {
			isa = PBXGroup;
			children = (
				78EAA6F11CD3D3A000CC0CE9 /* main.m */,
			);
			name = "Supporting Files";
			sourceTree = "<group>";
		};
		78EAA7091CD3D3A000CC0CE9 /* PWEPMovieTimeTests */ = {
			isa = PBXGroup;
			children = (
				78EAA70A1CD3D3A000CC0CE9 /* PWEPMovieTimeTests.m */,
				78EAA70C1CD3D3A000CC0CE9 /* Info.plist */,
			);
			path = PWEPMovieTimeTests;
			sourceTree = "<group>";
		};
		78EAA7141CD3D3A000CC0CE9 /* PWEPMovieTimeUITests */ = {
			isa = PBXGroup;
			children = (
				78EAA7151CD3D3A000CC0CE9 /* PWEPMovieTimeUITests.m */,
				78EAA7171CD3D3A000CC0CE9 /* Info.plist */,
			);
			path = PWEPMovieTimeUITests;
			sourceTree = "<group>";
		};
/* End PBXGroup section */

/* Begin PBXNativeTarget section */
		78EAA6EC1CD3D3A000CC0CE9 /* PWEPMovieTime */ = {
			isa = PBXNativeTarget;
			buildConfigurationList = 78EAA71A1CD3D3A000CC0CE9 /* Build configuration list for PBXNativeTarget "PWEPMovieTime" */;
			buildPhases = (
				78EAA6E91CD3D3A000CC0CE9 /* Sources */,
				78EAA6EA1CD3D3A000CC0CE9 /* Frameworks */,
				78EAA6EB1CD3D3A000CC0CE9 /* Resources */,
			);
			buildRules = (
			);
			dependencies = (
			);
			name = PWEPMovieTime;
			productName = PWEPMovieTime;
			productReference = 78EAA6ED1CD3D3A000CC0CE9 /* PWEPMovieTime.app */;
			productType = "com.apple.product-type.application";
		};
		78EAA7051CD3D3A000CC0CE9 /* PWEPMovieTimeTests */ = {
			isa = PBXNativeTarget;
			buildConfigurationList = 78EAA71D1CD3D3A000CC0CE9 /* Build configuration list for PBXNativeTarget "PWEPMovieTimeTests" */;
			buildPhases = (
				78EAA7021CD3D3A000CC0CE9 /* Sources */,
				78EAA7031CD3D3A000CC0CE9 /* Frameworks */,
				78EAA7041CD3D3A000CC0CE9 /* Resources */,
			);
			buildRules = (
			);
			dependencies = (
				78EAA7081CD3D3A000CC0CE9 /* PBXTargetDependency */,
			);
			name = PWEPMovieTimeTests;
			productName = PWEPMovieTimeTests;
			productReference = 78EAA7061CD3D3A000CC0CE9 /* PWEPMovieTimeTests.xctest */;
			productType = "com.apple.product-type.bundle.unit-test";
		};
		78EAA7101CD3D3A000CC0CE9 /* PWEPMovieTimeUITests */ = {
			isa = PBXNativeTarget;
			buildConfigurationList = 78EAA7201CD3D3A000CC0CE9 /* Build configuration list for PBXNativeTarget "PWEPMovieTimeUITests" */;
			buildPhases = (
				78EAA70D1CD3D3A000CC0CE9 /* Sources */,
				78EAA70E1CD3D3A000CC0CE9 /* Frameworks */,
				78EAA70F1CD3D3A000CC0CE9 /* Resources */,
			);
			buildRules = (
			);
			dependencies = (
				78EAA7131CD3D3A000CC0CE9 /* PBXTargetDependency */,
			);
			name = PWEPMovieTimeUITests;
			productName = PWEPMovieTimeUITests;
			productReference = 78EAA7111CD3D3A000CC0CE9 /* PWEPMovieTimeUITests.xctest */;
			productType = "com.apple.product-type.bundle.ui-testing";
		};
/* End PBXNativeTarget section */

/* Begin PBXProject section */
		78EAA6E51CD3D3A000CC0CE9 /* Project object */ = {
			isa = PBXProject;
			attributes = {
				LastUpgradeCheck = 0730;
				ORGANIZATIONNAME = "Lisa Lee";
				TargetAttributes = {
					78EAA6EC1CD3D3A000CC0CE9 = {
						CreatedOnToolsVersion = 7.3;
						DevelopmentTeam = KXY9EDFTF5;
					};
					78EAA7051CD3D3A000CC0CE9 = {
						CreatedOnToolsVersion = 7.3;
						DevelopmentTeam = VB98JJ62B4;
						TestTargetID = 78EAA6EC1CD3D3A000CC0CE9;
					};
					78EAA7101CD3D3A000CC0CE9 = {
						CreatedOnToolsVersion = 7.3;
						DevelopmentTeam = VB98JJ62B4;
						TestTargetID = 78EAA6EC1CD3D3A000CC0CE9;
					};
				};
			};
			buildConfigurationList = 78EAA6E81CD3D3A000CC0CE9 /* Build configuration list for PBXProject "PWEPMovieTime" */;
			compatibilityVersion = "Xcode 3.2";
			developmentRegion = English;
			hasScannedForEncodings = 0;
			knownRegions = (
				en,
				Base,
			);
			mainGroup = 78EAA6E41CD3D3A000CC0CE9;
			productRefGroup = 78EAA6EE1CD3D3A000CC0CE9 /* Products */;
			projectDirPath = "";
			projectRoot = "";
			targets = (
				78EAA6EC1CD3D3A000CC0CE9 /* PWEPMovieTime */,
				78EAA7051CD3D3A000CC0CE9 /* PWEPMovieTimeTests */,
				78EAA7101CD3D3A000CC0CE9 /* PWEPMovieTimeUITests */,
			);
		};
/* End PBXProject section */

/* Begin PBXResourcesBuildPhase section */
		78EAA6EB1CD3D3A000CC0CE9 /* Resources */ = {
			isa = PBXResourcesBuildPhase;
			buildActionMask = 2147483647;
			files = (
				78EAA7001CD3D3A000CC0CE9 /* LaunchScreen.storyboard in Resources */,
				78EAA6FD1CD3D3A000CC0CE9 /* Assets.xcassets in Resources */,
				78BE4B021CD3F52F0032EE3F /* IMG_0003.JPG in Resources */,
				78EAA6FB1CD3D3A000CC0CE9 /* Main.storyboard in Resources */,
			);
			runOnlyForDeploymentPostprocessing = 0;
		};
		78EAA7041CD3D3A000CC0CE9 /* Resources */ = {
			isa = PBXResourcesBuildPhase;
			buildActionMask = 2147483647;
			files = (
			);
			runOnlyForDeploymentPostprocessing = 0;
		};
		78EAA70F1CD3D3A000CC0CE9 /* Resources */ = {
			isa = PBXResourcesBuildPhase;
			buildActionMask = 2147483647;
			files = (
			);
			runOnlyForDeploymentPostprocessing = 0;
		};
/* End PBXResourcesBuildPhase section */

/* Begin PBXSourcesBuildPhase section */
		78EAA6E91CD3D3A000CC0CE9 /* Sources */ = {
			isa = PBXSourcesBuildPhase;
			buildActionMask = 2147483647;
			files = (
				78EAA6F51CD3D3A000CC0CE9 /* AppDelegate.m in Sources */,
				78BE4B001CD3F25D0032EE3F /* MoviePosterCollectionViewCell.m in Sources */,
				78EAA7251CD3DBC200CC0CE9 /* MovieCollectionVC.m in Sources */,
				78EAA7281CD3DC0900CC0CE9 /* FavListTableVC.m in Sources */,
				78EAA6F21CD3D3A000CC0CE9 /* main.m in Sources */,
			);
			runOnlyForDeploymentPostprocessing = 0;
		};
		78EAA7021CD3D3A000CC0CE9 /* Sources */ = {
			isa = PBXSourcesBuildPhase;
			buildActionMask = 2147483647;
			files = (
				78EAA70B1CD3D3A000CC0CE9 /* PWEPMovieTimeTests.m in Sources */,
			);
			runOnlyForDeploymentPostprocessing = 0;
		};
		78EAA70D1CD3D3A000CC0CE9 /* Sources */ = {
			isa = PBXSourcesBuildPhase;
			buildActionMask = 2147483647;
			files = (
				78EAA7161CD3D3A000CC0CE9 /* PWEPMovieTimeUITests.m in Sources */,
			);
			runOnlyForDeploymentPostprocessing = 0;
		};
/* End PBXSourcesBuildPhase section */

/* Begin PBXTargetDependency section */
		78EAA7081CD3D3A000CC0CE9 /* PBXTargetDependency */ = {
			isa = PBXTargetDependency;
			target = 78EAA6EC1CD3D3A000CC0CE9 /* PWEPMovieTime */;
			targetProxy = 78EAA7071CD3D3A000CC0CE9 /* PBXContainerItemProxy */;
		};
		78EAA7131CD3D3A000CC0CE9 /* PBXTargetDependency */ = {
			isa = PBXTargetDependency;
			target = 78EAA6EC1CD3D3A000CC0CE9 /* PWEPMovieTime */;
			targetProxy = 78EAA7121CD3D3A000CC0CE9 /* PBXContainerItemProxy */;
		};
/* End PBXTargetDependency section */

/* Begin PBXVariantGroup section */
		78EAA6F91CD3D3A000CC0CE9 /* Main.storyboard */ = {
			isa = PBXVariantGroup;
			children = (
				78EAA6FA1CD3D3A000CC0CE9 /* Base */,
			);
			name = Main.storyboard;
			sourceTree = "<group>";
		};
		78EAA6FE1CD3D3A000CC0CE9 /* LaunchScreen.storyboard */ = {
			isa = PBXVariantGroup;
			children = (
				78EAA6FF1CD3D3A000CC0CE9 /* Base */,
			);
			name = LaunchScreen.storyboard;
			sourceTree = "<group>";
		};
/* End PBXVariantGroup section */

/* Begin XCBuildConfiguration section */
		78EAA7181CD3D3A000CC0CE9 /* Debug */ = {
			isa = XCBuildConfiguration;
			buildSettings = {
				ALWAYS_SEARCH_USER_PATHS = NO;
				CLANG_ANALYZER_NONNULL = YES;
				CLANG_CXX_LANGUAGE_STANDARD = "gnu++0x";
				CLANG_CXX_LIBRARY = "libc++";
				CLANG_ENABLE_MODULES = YES;
				CLANG_ENABLE_OBJC_ARC = YES;
				CLANG_WARN_BOOL_CONVERSION = YES;
				CLANG_WARN_CONSTANT_CONVERSION = YES;
				CLANG_WARN_DIRECT_OBJC_ISA_USAGE = YES_ERROR;
				CLANG_WARN_EMPTY_BODY = YES;
				CLANG_WARN_ENUM_CONVERSION = YES;
				CLANG_WARN_INT_CONVERSION = YES;
				CLANG_WARN_OBJC_ROOT_CLASS = YES_ERROR;
				CLANG_WARN_UNREACHABLE_CODE = YES;
				CLANG_WARN__DUPLICATE_METHOD_MATCH = YES;
				"CODE_SIGN_IDENTITY[sdk=iphoneos*]" = "iPhone Developer";
				COPY_PHASE_STRIP = NO;
				DEBUG_INFORMATION_FORMAT = dwarf;
				ENABLE_STRICT_OBJC_MSGSEND = YES;
				ENABLE_TESTABILITY = YES;
				GCC_C_LANGUAGE_STANDARD = gnu99;
				GCC_DYNAMIC_NO_PIC = NO;
				GCC_NO_COMMON_BLOCKS = YES;
				GCC_OPTIMIZATION_LEVEL = 0;
				GCC_PREPROCESSOR_DEFINITIONS = (
					"DEBUG=1",
					"$(inherited)",
				);
				GCC_WARN_64_TO_32_BIT_CONVERSION = YES;
				GCC_WARN_ABOUT_RETURN_TYPE = YES_ERROR;
				GCC_WARN_UNDECLARED_SELECTOR = YES;
				GCC_WARN_UNINITIALIZED_AUTOS = YES_AGGRESSIVE;
				GCC_WARN_UNUSED_FUNCTION = YES;
				GCC_WARN_UNUSED_VARIABLE = YES;
				IPHONEOS_DEPLOYMENT_TARGET = 9.3;
				MTL_ENABLE_DEBUG_INFO = YES;
				ONLY_ACTIVE_ARCH = YES;
				SDKROOT = iphoneos;
				TARGETED_DEVICE_FAMILY = "1,2";
			};
			name = Debug;
		};
		78EAA7191CD3D3A000CC0CE9 /* Release */ = {
			isa = XCBuildConfiguration;
			buildSettings = {
				ALWAYS_SEARCH_USER_PATHS = NO;
				CLANG_ANALYZER_NONNULL = YES;
				CLANG_CXX_LANGUAGE_STANDARD = "gnu++0x";
				CLANG_CXX_LIBRARY = "libc++";
				CLANG_ENABLE_MODULES = YES;
				CLANG_ENABLE_OBJC_ARC = YES;
				CLANG_WARN_BOOL_CONVERSION = YES;
				CLANG_WARN_CONSTANT_CONVERSION = YES;
				CLANG_WARN_DIRECT_OBJC_ISA_USAGE = YES_ERROR;
				CLANG_WARN_EMPTY_BODY = YES;
				CLANG_WARN_ENUM_CONVERSION = YES;
				CLANG_WARN_INT_CONVERSION = YES;
				CLANG_WARN_OBJC_ROOT_CLASS = YES_ERROR;
				CLANG_WARN_UNREACHABLE_CODE = YES;
				CLANG_WARN__DUPLICATE_METHOD_MATCH = YES;
				"CODE_SIGN_IDENTITY[sdk=iphoneos*]" = "iPhone Developer";
				COPY_PHASE_STRIP = NO;
				DEBUG_INFORMATION_FORMAT = "dwarf-with-dsym";
				ENABLE_NS_ASSERTIONS = NO;
				ENABLE_STRICT_OBJC_MSGSEND = YES;
				GCC_C_LANGUAGE_STANDARD = gnu99;
				GCC_NO_COMMON_BLOCKS = YES;
				GCC_WARN_64_TO_32_BIT_CONVERSION = YES;
				GCC_WARN_ABOUT_RETURN_TYPE = YES_ERROR;
				GCC_WARN_UNDECLARED_SELECTOR = YES;
				GCC_WARN_UNINITIALIZED_AUTOS = YES_AGGRESSIVE;
				GCC_WARN_UNUSED_FUNCTION = YES;
				GCC_WARN_UNUSED_VARIABLE = YES;
				IPHONEOS_DEPLOYMENT_TARGET = 9.3;
				MTL_ENABLE_DEBUG_INFO = NO;
				SDKROOT = iphoneos;
				TARGETED_DEVICE_FAMILY = "1,2";
				VALIDATE_PRODUCT = YES;
			};
			name = Release;
		};
		78EAA71B1CD3D3A000CC0CE9 /* Debug */ = {
			isa = XCBuildConfiguration;
			buildSettings = {
				ASSETCATALOG_COMPILER_APPICON_NAME = AppIcon;
				CODE_SIGN_IDENTITY = "iPhone Developer";
				INFOPLIST_FILE = PWEPMovieTime/Info.plist;
				LD_RUNPATH_SEARCH_PATHS = "$(inherited) @executable_path/Frameworks";
				PRODUCT_BUNDLE_IDENTIFIER = FIS.PWEPMovieTime;
				PRODUCT_NAME = "$(TARGET_NAME)";
			};
			name = Debug;
		};
		78EAA71C1CD3D3A000CC0CE9 /* Release */ = {
			isa = XCBuildConfiguration;
			buildSettings = {
				ASSETCATALOG_COMPILER_APPICON_NAME = AppIcon;
				CODE_SIGN_IDENTITY = "iPhone Developer";
				INFOPLIST_FILE = PWEPMovieTime/Info.plist;
				LD_RUNPATH_SEARCH_PATHS = "$(inherited) @executable_path/Frameworks";
				PRODUCT_BUNDLE_IDENTIFIER = FIS.PWEPMovieTime;
				PRODUCT_NAME = "$(TARGET_NAME)";
			};
			name = Release;
		};
		78EAA71E1CD3D3A000CC0CE9 /* Debug */ = {
			isa = XCBuildConfiguration;
			buildSettings = {
				BUNDLE_LOADER = "$(TEST_HOST)";
				INFOPLIST_FILE = PWEPMovieTimeTests/Info.plist;
				LD_RUNPATH_SEARCH_PATHS = "$(inherited) @executable_path/Frameworks @loader_path/Frameworks";
				PRODUCT_BUNDLE_IDENTIFIER = FIS.PWEPMovieTimeTests;
				PRODUCT_NAME = "$(TARGET_NAME)";
				TEST_HOST = "$(BUILT_PRODUCTS_DIR)/PWEPMovieTime.app/PWEPMovieTime";
			};
			name = Debug;
		};
		78EAA71F1CD3D3A000CC0CE9 /* Release */ = {
			isa = XCBuildConfiguration;
			buildSettings = {
				BUNDLE_LOADER = "$(TEST_HOST)";
				INFOPLIST_FILE = PWEPMovieTimeTests/Info.plist;
				LD_RUNPATH_SEARCH_PATHS = "$(inherited) @executable_path/Frameworks @loader_path/Frameworks";
				PRODUCT_BUNDLE_IDENTIFIER = FIS.PWEPMovieTimeTests;
				PRODUCT_NAME = "$(TARGET_NAME)";
				TEST_HOST = "$(BUILT_PRODUCTS_DIR)/PWEPMovieTime.app/PWEPMovieTime";
			};
			name = Release;
		};
		78EAA7211CD3D3A000CC0CE9 /* Debug */ = {
			isa = XCBuildConfiguration;
			buildSettings = {
				INFOPLIST_FILE = PWEPMovieTimeUITests/Info.plist;
				LD_RUNPATH_SEARCH_PATHS = "$(inherited) @executable_path/Frameworks @loader_path/Frameworks";
				PRODUCT_BUNDLE_IDENTIFIER = FIS.PWEPMovieTimeUITests;
				PRODUCT_NAME = "$(TARGET_NAME)";
				TEST_TARGET_NAME = PWEPMovieTime;
			};
			name = Debug;
		};
		78EAA7221CD3D3A000CC0CE9 /* Release */ = {
			isa = XCBuildConfiguration;
			buildSettings = {
				INFOPLIST_FILE = PWEPMovieTimeUITests/Info.plist;
				LD_RUNPATH_SEARCH_PATHS = "$(inherited) @executable_path/Frameworks @loader_path/Frameworks";
				PRODUCT_BUNDLE_IDENTIFIER = FIS.PWEPMovieTimeUITests;
				PRODUCT_NAME = "$(TARGET_NAME)";
				TEST_TARGET_NAME = PWEPMovieTime;
			};
			name = Release;
		};
/* End XCBuildConfiguration section */

/* Begin XCConfigurationList section */
		78EAA6E81CD3D3A000CC0CE9 /* Build configuration list for PBXProject "PWEPMovieTime" */ = {
			isa = XCConfigurationList;
			buildConfigurations = (
				78EAA7181CD3D3A000CC0CE9 /* Debug */,
				78EAA7191CD3D3A000CC0CE9 /* Release */,
			);
			defaultConfigurationIsVisible = 0;
			defaultConfigurationName = Release;
		};
		78EAA71A1CD3D3A000CC0CE9 /* Build configuration list for PBXNativeTarget "PWEPMovieTime" */ = {
			isa = XCConfigurationList;
			buildConfigurations = (
				78EAA71B1CD3D3A000CC0CE9 /* Debug */,
				78EAA71C1CD3D3A000CC0CE9 /* Release */,
			);
			defaultConfigurationIsVisible = 0;
			defaultConfigurationName = Release;
		};
		78EAA71D1CD3D3A000CC0CE9 /* Build configuration list for PBXNativeTarget "PWEPMovieTimeTests" */ = {
			isa = XCConfigurationList;
			buildConfigurations = (
				78EAA71E1CD3D3A000CC0CE9 /* Debug */,
				78EAA71F1CD3D3A000CC0CE9 /* Release */,
			);
			defaultConfigurationIsVisible = 0;
			defaultConfigurationName = Release;
		};
		78EAA7201CD3D3A000CC0CE9 /* Build configuration list for PBXNativeTarget "PWEPMovieTimeUITests" */ = {
			isa = XCConfigurationList;
			buildConfigurations = (
				78EAA7211CD3D3A000CC0CE9 /* Debug */,
				78EAA7221CD3D3A000CC0CE9 /* Release */,
			);
			defaultConfigurationIsVisible = 0;
			defaultConfigurationName = Release;
		};
/* End XCConfigurationList section */
	};
	rootObject = 78EAA6E51CD3D3A000CC0CE9 /* Project object */;
}
